<?xml version="1.0" encoding="utf-8"?>
<Project ToolsVersion="4.0" xmlns="http://schemas.microsoft.com/developer/msbuild/2003">
  <ItemGroup>
    <Filter Include="Quelldateien">
      <UniqueIdentifier>{4FC737F1-C7A5-4376-A066-2A32D752A2FF}</UniqueIdentifier>
      <Extensions>cpp;c;cc;cxx;c++;cppm;ixx;def;odl;idl;hpj;bat;asm;asmx</Extensions>
    </Filter>
    <Filter Include="Headerdateien">
      <UniqueIdentifier>{93995380-89BD-4b04-88EB-625FBE52EBFB}</UniqueIdentifier>
      <Extensions>h;hh;hpp;hxx;h++;hm;inl;inc;ipp;xsd</Extensions>
    </Filter>
    <Filter Include="Ressourcendateien">
      <UniqueIdentifier>{67DA6AB6-F800-4c08-8B7A-83BB121AAD01}</UniqueIdentifier>
      <Extensions>rc;ico;cur;bmp;dlg;rc2;rct;bin;rgs;gif;jpg;jpeg;jpe;resx;tiff;tif;png;wav;mfcribbon-ms</Extensions>
    </Filter>
    <Filter Include="IMG">
      <UniqueIdentifier>{6750c4fe-17c9-4f2e-a8df-91c219ec4834}</UniqueIdentifier>
    </Filter>
  </ItemGroup>
  <ItemGroup>
    <ClCompile Include="test_ProcessImage.cpp">
      <Filter>Quelldateien</Filter>
    </ClCompile>
  </ItemGroup>
  <ItemGroup>
    <CopyFileToFolders Include="..\References\Haus(Prewitt,normiert,beide Richtungen).bmp">
      <Filter>IMG</Filter>
    </CopyFileToFolders>
    <CopyFileToFolders Include="..\References\Haus(Prewitt,normiert,vertikal).bmp">
      <Filter>IMG</Filter>
    </CopyFileToFolders>
    <CopyFileToFolders Include="..\References\Haus(Prewitt,skaliert2.5,normiert,vertikal).bmp">
      <Filter>IMG</Filter>
    </CopyFileToFolders>
    <CopyFileToFolders Include="..\References\Haus(Prewitt,skaliert2.5,vertikal).bmp">
      <Filter>IMG</Filter>
    </CopyFileToFolders>
    <CopyFileToFolders Include="..\References\Haus(Prewitt,vertikal).bmp">
      <Filter>IMG</Filter>
    </CopyFileToFolders>
    <CopyFileToFolders Include="..\References\Haus(Sobel,beide Richtungen).bmp">
      <Filter>IMG</Filter>
    </CopyFileToFolders>
    <CopyFileToFolders Include="..\References\Haus(Sobel,normiert,beide Richtungen).bmp">
      <Filter>IMG</Filter>
    </CopyFileToFolders>
    <CopyFileToFolders Include="..\References\Haus(Sobel,skaliert2.5,vertikal).bmp">
      <Filter>IMG</Filter>
    </CopyFileToFolders>
    <CopyFileToFolders Include="..\References\Haus(Sobel,vertikal).bmp">
      <Filter>IMG</Filter>
    </CopyFileToFolders>
    <CopyFileToFolders Include="..\Images\Haus.bmp">
      <Filter>IMG</Filter>
    </CopyFileToFolders>
    <CopyFileToFolders Include="..\References\Haus(Prewitt,beide Richtungen).bmp">
      <Filter>Ressourcendateien</Filter>
    </CopyFileToFolders>
    <CopyFileToFolders Include="..\References\Haus(Prewitt,horizontal).bmp">
      <Filter>Ressourcendateien</Filter>
    </CopyFileToFolders>
  </ItemGroup>
</Project>