
Microsoft Visual Studio Solution File, Format Version 12.00
# Visual Studio Version 16
VisualStudioVersion = 16.0.30611.23
MinimumVisualStudioVersion = 10.0.40219.1
Project("{8BC9CEB8-8B4A-11D0-8D11-00A0C91BC942}") = "ConflictSolver", "ConflictSolver.vcxproj", "{0F16BE57-9DBF-430F-9414-4F7BA6E23E0B}"
EndProject
Project("{8BC9CEB8-8B4A-11D0-8D11-00A0C91BC942}") = "TestFramework", "..\TestFramework\GoogleMock\TestFramework.vcxitems", "{AAC85E24-C2BD-4A83-9DD9-48C57441C065}"
EndProject
Project("{8BC9CEB8-8B4A-11D0-8D11-00A0C91BC942}") = "ConflictSolver_UnitTests", "..\ConflictSolver_UnitTests\ConflictSolver_UnitTests.vcxproj", "{C51A7519-C72F-46E8-8A70-CE9F58CEC012}"
EndProject
Project("{8BC9CEB8-8B4A-11D0-8D11-00A0C91BC942}") = "ClientConflictSolver", "..\ClientConflictSolver\ClientConflictSolver.vcxproj", "{4D3F0374-2AD9-4E26-9FBB-C939959B61D2}"
EndProject
Global
	GlobalSection(SharedMSBuildProjectFiles) = preSolution
		..\TestFramework\GoogleMock\TestFramework.vcxitems*{aac85e24-c2bd-4a83-9dd9-48c57441c065}*SharedItemsImports = 9
		..\TestFramework\GoogleMock\TestFramework.vcxitems*{c51a7519-c72f-46e8-8a70-ce9f58cec012}*SharedItemsImports = 4
	EndGlobalSection
	GlobalSection(SolutionConfigurationPlatforms) = preSolution
		Debug|x64 = Debug|x64
		Debug|x86 = Debug|x86
		Release|x64 = Release|x64
		Release|x86 = Release|x86
	EndGlobalSection
	GlobalSection(ProjectConfigurationPlatforms) = postSolution
		{0F16BE57-9DBF-430F-9414-4F7BA6E23E0B}.Debug|x64.ActiveCfg = Debug|x64
		{0F16BE57-9DBF-430F-9414-4F7BA6E23E0B}.Debug|x64.Build.0 = Debug|x64
		{0F16BE57-9DBF-430F-9414-4F7BA6E23E0B}.Debug|x86.ActiveCfg = Debug|Win32
		{0F16BE57-9DBF-430F-9414-4F7BA6E23E0B}.Debug|x86.Build.0 = Debug|Win32
		{0F16BE57-9DBF-430F-9414-4F7BA6E23E0B}.Release|x64.ActiveCfg = Release|x64
		{0F16BE57-9DBF-430F-9414-4F7BA6E23E0B}.Release|x64.Build.0 = Release|x64
		{0F16BE57-9DBF-430F-9414-4F7BA6E23E0B}.Release|x86.ActiveCfg = Release|Win32
		{C51A7519-C72F-46E8-8A70-CE9F58CEC012}.Debug|x64.ActiveCfg = Debug|x64
		{C51A7519-C72F-46E8-8A70-CE9F58CEC012}.Debug|x64.Build.0 = Debug|x64
		{C51A7519-C72F-46E8-8A70-CE9F58CEC012}.Debug|x86.ActiveCfg = Debug|Win32
		{C51A7519-C72F-46E8-8A70-CE9F58CEC012}.Debug|x86.Build.0 = Debug|Win32
		{C51A7519-C72F-46E8-8A70-CE9F58CEC012}.Release|x64.ActiveCfg = Release|x64
		{C51A7519-C72F-46E8-8A70-CE9F58CEC012}.Release|x64.Build.0 = Release|x64
		{C51A7519-C72F-46E8-8A70-CE9F58CEC012}.Release|x86.ActiveCfg = Release|Win32
		{4D3F0374-2AD9-4E26-9FBB-C939959B61D2}.Debug|x64.ActiveCfg = Debug|x64
		{4D3F0374-2AD9-4E26-9FBB-C939959B61D2}.Debug|x64.Build.0 = Debug|x64
		{4D3F0374-2AD9-4E26-9FBB-C939959B61D2}.Debug|x86.ActiveCfg = Debug|Win32
		{4D3F0374-2AD9-4E26-9FBB-C939959B61D2}.Debug|x86.Build.0 = Debug|Win32
		{4D3F0374-2AD9-4E26-9FBB-C939959B61D2}.Release|x64.ActiveCfg = Release|x64
		{4D3F0374-2AD9-4E26-9FBB-C939959B61D2}.Release|x64.Build.0 = Release|x64
		{4D3F0374-2AD9-4E26-9FBB-C939959B61D2}.Release|x86.ActiveCfg = Release|Win32
	EndGlobalSection
	GlobalSection(SolutionProperties) = preSolution
		HideSolutionNode = FALSE
	EndGlobalSection
	GlobalSection(ExtensibilityGlobals) = postSolution
		SolutionGuid = {B9BA97F3-7339-4B38-81F2-8E935AEB9AC6}
	EndGlobalSection
EndGlobal
