
Microsoft Visual Studio Solution File, Format Version 12.00
# Visual Studio 15
VisualStudioVersion = 15.0.28307.779
MinimumVisualStudioVersion = 10.0.40219.1
Project("{8BC9CEB8-8B4A-11D0-8D11-00A0C91BC942}") = "CString", "CString\CString.vcxproj", "{3291B8FA-D7B5-4EDE-9B9E-21DB1985F0B0}"
EndProject
Global
	GlobalSection(SolutionConfigurationPlatforms) = preSolution
		Debug|x64 = Debug|x64
		Debug|x86 = Debug|x86
		Release|x64 = Release|x64
		Release|x86 = Release|x86
	EndGlobalSection
	GlobalSection(ProjectConfigurationPlatforms) = postSolution
		{3291B8FA-D7B5-4EDE-9B9E-21DB1985F0B0}.Debug|x64.ActiveCfg = Debug|x64
		{3291B8FA-D7B5-4EDE-9B9E-21DB1985F0B0}.Debug|x64.Build.0 = Debug|x64
		{3291B8FA-D7B5-4EDE-9B9E-21DB1985F0B0}.Debug|x86.ActiveCfg = Debug|Win32
		{3291B8FA-D7B5-4EDE-9B9E-21DB1985F0B0}.Debug|x86.Build.0 = Debug|Win32
		{3291B8FA-D7B5-4EDE-9B9E-21DB1985F0B0}.Release|x64.ActiveCfg = Release|x64
		{3291B8FA-D7B5-4EDE-9B9E-21DB1985F0B0}.Release|x64.Build.0 = Release|x64
		{3291B8FA-D7B5-4EDE-9B9E-21DB1985F0B0}.Release|x86.ActiveCfg = Release|Win32
		{3291B8FA-D7B5-4EDE-9B9E-21DB1985F0B0}.Release|x86.Build.0 = Release|Win32
	EndGlobalSection
	GlobalSection(SolutionProperties) = preSolution
		HideSolutionNode = FALSE
	EndGlobalSection
	GlobalSection(ExtensibilityGlobals) = postSolution
		SolutionGuid = {EF1146D5-9D0E-4AE4-BBE1-E3E8A12BA6E1}
	EndGlobalSection
EndGlobal
