
Microsoft Visual Studio Solution File, Format Version 12.00
# Visual Studio Version 16
VisualStudioVersion = 16.0.30611.23
MinimumVisualStudioVersion = 10.0.40219.1
Project("{8BC9CEB8-8B4A-11D0-8D11-00A0C91BC942}") = "CommandLine", "CommandLine.vcxproj", "{2100C9B9-F37E-4F73-B611-BC5C4473A857}"
EndProject
Project("{8BC9CEB8-8B4A-11D0-8D11-00A0C91BC942}") = "TestFramework", "..\TestFramework\GoogleMock\TestFramework.vcxitems", "{AAC85E24-C2BD-4A83-9DD9-48C57441C065}"
EndProject
Project("{8BC9CEB8-8B4A-11D0-8D11-00A0C91BC942}") = "Commandline_Unittests", "..\Commandline_Unittests\Commandline_Unittests.vcxproj", "{2D2AADCB-996B-406E-BC33-5D7C5F6F0C42}"
EndProject
Global
	GlobalSection(SharedMSBuildProjectFiles) = preSolution
		..\TestFramework\GoogleMock\TestFramework.vcxitems*{2d2aadcb-996b-406e-bc33-5d7c5f6f0c42}*SharedItemsImports = 4
		..\TestFramework\GoogleMock\TestFramework.vcxitems*{aac85e24-c2bd-4a83-9dd9-48c57441c065}*SharedItemsImports = 9
	EndGlobalSection
	GlobalSection(SolutionConfigurationPlatforms) = preSolution
		Debug|x64 = Debug|x64
		Debug|x86 = Debug|x86
		Release|x64 = Release|x64
		Release|x86 = Release|x86
	EndGlobalSection
	GlobalSection(ProjectConfigurationPlatforms) = postSolution
		{2100C9B9-F37E-4F73-B611-BC5C4473A857}.Debug|x64.ActiveCfg = Debug|x64
		{2100C9B9-F37E-4F73-B611-BC5C4473A857}.Debug|x64.Build.0 = Debug|x64
		{2100C9B9-F37E-4F73-B611-BC5C4473A857}.Debug|x86.ActiveCfg = Debug|Win32
		{2100C9B9-F37E-4F73-B611-BC5C4473A857}.Debug|x86.Build.0 = Debug|Win32
		{2100C9B9-F37E-4F73-B611-BC5C4473A857}.Release|x64.ActiveCfg = Release|x64
		{2100C9B9-F37E-4F73-B611-BC5C4473A857}.Release|x64.Build.0 = Release|x64
		{2100C9B9-F37E-4F73-B611-BC5C4473A857}.Release|x86.ActiveCfg = Release|Win32
		{2100C9B9-F37E-4F73-B611-BC5C4473A857}.Release|x86.Build.0 = Release|Win32
		{2D2AADCB-996B-406E-BC33-5D7C5F6F0C42}.Debug|x64.ActiveCfg = Debug|x64
		{2D2AADCB-996B-406E-BC33-5D7C5F6F0C42}.Debug|x64.Build.0 = Debug|x64
		{2D2AADCB-996B-406E-BC33-5D7C5F6F0C42}.Debug|x86.ActiveCfg = Debug|Win32
		{2D2AADCB-996B-406E-BC33-5D7C5F6F0C42}.Debug|x86.Build.0 = Debug|Win32
		{2D2AADCB-996B-406E-BC33-5D7C5F6F0C42}.Release|x64.ActiveCfg = Release|x64
		{2D2AADCB-996B-406E-BC33-5D7C5F6F0C42}.Release|x64.Build.0 = Release|x64
		{2D2AADCB-996B-406E-BC33-5D7C5F6F0C42}.Release|x86.ActiveCfg = Release|Win32
		{2D2AADCB-996B-406E-BC33-5D7C5F6F0C42}.Release|x86.Build.0 = Release|Win32
	EndGlobalSection
	GlobalSection(SolutionProperties) = preSolution
		HideSolutionNode = FALSE
	EndGlobalSection
	GlobalSection(ExtensibilityGlobals) = postSolution
		SolutionGuid = {C819FA18-3728-4516-B3B9-9340F4E016CA}
	EndGlobalSection
EndGlobal
