<?xml version="1.0" encoding="utf-8"?>
<Project ToolsVersion="4.0" xmlns="http://schemas.microsoft.com/developer/msbuild/2003">
  <ItemGroup>
    <Filter Include="Quelldateien">
      <UniqueIdentifier>{4FC737F1-C7A5-4376-A066-2A32D752A2FF}</UniqueIdentifier>
      <Extensions>cpp;c;cc;cxx;c++;cppm;ixx;def;odl;idl;hpj;bat;asm;asmx</Extensions>
    </Filter>
  </ItemGroup>
  <ItemGroup>
    <ClCompile Include="test_CommonExpenses.cpp">
      <Filter>Quelldateien</Filter>
    </ClCompile>
    <ClCompile Include="test_GermanExpenses.cpp">
      <Filter>Quelldateien</Filter>
    </ClCompile>
    <ClCompile Include="test_HourlyClassification.cpp">
      <Filter>Quelldateien</Filter>
    </ClCompile>
    <ClCompile Include="test_MonthlySchedule.cpp">
      <Filter>Quelldateien</Filter>
    </ClCompile>
    <ClCompile Include="test_WeeklySchedule.cpp">
      <Filter>Quelldateien</Filter>
    </ClCompile>
    <ClCompile Include="test_ChangeEmployeeTransaction.cpp">
      <Filter>Quelldateien</Filter>
    </ClCompile>
    <ClCompile Include="test_TimeCardTransaction.cpp">
      <Filter>Quelldateien</Filter>
    </ClCompile>
    <ClCompile Include="test_Date.cpp">
      <Filter>Quelldateien</Filter>
    </ClCompile>
    <ClCompile Include="test_BiweeklySchedule.cpp">
      <Filter>Quelldateien</Filter>
    </ClCompile>
    <ClCompile Include="test_ProvisionClassification.cpp">
      <Filter>Quelldateien</Filter>
    </ClCompile>
    <ClCompile Include="test_ReceiptTransaction.cpp">
      <Filter>Quelldateien</Filter>
    </ClCompile>
  </ItemGroup>
</Project>