
Microsoft Visual Studio Solution File, Format Version 12.00
# Visual Studio Version 16
VisualStudioVersion = 16.0.30621.155
MinimumVisualStudioVersion = 10.0.40219.1
Project("{8BC9CEB8-8B4A-11D0-8D11-00A0C91BC942}") = "FileChecker", "FileChecker.vcxproj", "{C661E2B7-B715-4E2C-9214-4DB0F9790783}"
EndProject
Project("{8BC9CEB8-8B4A-11D0-8D11-00A0C91BC942}") = "TestFramework", "..\TestFramework\GoogleMock\TestFramework.vcxitems", "{AAC85E24-C2BD-4A83-9DD9-48C57441C065}"
EndProject
Project("{8BC9CEB8-8B4A-11D0-8D11-00A0C91BC942}") = "FileChecker_UnitTests", "..\FileChecker_UnitTests\FileChecker_UnitTests.vcxproj", "{0E7BAADE-B5E7-4F37-A15E-9EB52DD3685C}"
EndProject
Global
	GlobalSection(SharedMSBuildProjectFiles) = preSolution
		..\TestFramework\GoogleMock\TestFramework.vcxitems*{0e7baade-b5e7-4f37-a15e-9eb52dd3685c}*SharedItemsImports = 4
		..\TestFramework\GoogleMock\TestFramework.vcxitems*{aac85e24-c2bd-4a83-9dd9-48c57441c065}*SharedItemsImports = 9
	EndGlobalSection
	GlobalSection(SolutionConfigurationPlatforms) = preSolution
		Debug|x64 = Debug|x64
		Debug|x86 = Debug|x86
		Release|x64 = Release|x64
		Release|x86 = Release|x86
	EndGlobalSection
	GlobalSection(ProjectConfigurationPlatforms) = postSolution
		{C661E2B7-B715-4E2C-9214-4DB0F9790783}.Debug|x64.ActiveCfg = Debug|Win32
		{C661E2B7-B715-4E2C-9214-4DB0F9790783}.Debug|x86.ActiveCfg = Debug|Win32
		{C661E2B7-B715-4E2C-9214-4DB0F9790783}.Debug|x86.Build.0 = Debug|Win32
		{C661E2B7-B715-4E2C-9214-4DB0F9790783}.Release|x64.ActiveCfg = Release|Win32
		{C661E2B7-B715-4E2C-9214-4DB0F9790783}.Release|x86.ActiveCfg = Release|Win32
		{C661E2B7-B715-4E2C-9214-4DB0F9790783}.Release|x86.Build.0 = Release|Win32
		{0E7BAADE-B5E7-4F37-A15E-9EB52DD3685C}.Debug|x64.ActiveCfg = Debug|x64
		{0E7BAADE-B5E7-4F37-A15E-9EB52DD3685C}.Debug|x64.Build.0 = Debug|x64
		{0E7BAADE-B5E7-4F37-A15E-9EB52DD3685C}.Debug|x86.ActiveCfg = Debug|Win32
		{0E7BAADE-B5E7-4F37-A15E-9EB52DD3685C}.Debug|x86.Build.0 = Debug|Win32
		{0E7BAADE-B5E7-4F37-A15E-9EB52DD3685C}.Release|x64.ActiveCfg = Release|x64
		{0E7BAADE-B5E7-4F37-A15E-9EB52DD3685C}.Release|x64.Build.0 = Release|x64
		{0E7BAADE-B5E7-4F37-A15E-9EB52DD3685C}.Release|x86.ActiveCfg = Release|Win32
		{0E7BAADE-B5E7-4F37-A15E-9EB52DD3685C}.Release|x86.Build.0 = Release|Win32
	EndGlobalSection
	GlobalSection(SolutionProperties) = preSolution
		HideSolutionNode = FALSE
	EndGlobalSection
	GlobalSection(ExtensibilityGlobals) = postSolution
		SolutionGuid = {159C9E58-ABBC-41CE-A3D9-2A88B76D203F}
	EndGlobalSection
EndGlobal
