
Microsoft Visual Studio Solution File, Format Version 12.00
# Visual Studio Version 16
VisualStudioVersion = 16.0.30523.141
MinimumVisualStudioVersion = 10.0.40219.1
Project("{8BC9CEB8-8B4A-11D0-8D11-00A0C91BC942}") = "OrderedJobsDLL", "OrderedJobsDLL.vcxproj", "{73BAF5A5-780C-4C35-AF74-BE1239162AE8}"
EndProject
Project("{8BC9CEB8-8B4A-11D0-8D11-00A0C91BC942}") = "TestFramework", "..\TestFramework\GoogleMock\TestFramework.vcxitems", "{AAC85E24-C2BD-4A83-9DD9-48C57441C065}"
EndProject
Project("{8BC9CEB8-8B4A-11D0-8D11-00A0C91BC942}") = "OrderedJob_UnitTest", "..\OrderedJob_UnitTest\OrderedJob_UnitTest.vcxproj", "{67C13112-CE4A-4373-AA92-2975F7EE8BA7}"
EndProject
Global
	GlobalSection(SharedMSBuildProjectFiles) = preSolution
		..\TestFramework\GoogleMock\TestFramework.vcxitems*{67c13112-ce4a-4373-aa92-2975f7ee8ba7}*SharedItemsImports = 4
		..\TestFramework\GoogleMock\TestFramework.vcxitems*{aac85e24-c2bd-4a83-9dd9-48c57441c065}*SharedItemsImports = 9
	EndGlobalSection
	GlobalSection(SolutionConfigurationPlatforms) = preSolution
		Debug|x64 = Debug|x64
		Debug|x86 = Debug|x86
		Release|x64 = Release|x64
		Release|x86 = Release|x86
	EndGlobalSection
	GlobalSection(ProjectConfigurationPlatforms) = postSolution
		{73BAF5A5-780C-4C35-AF74-BE1239162AE8}.Debug|x64.ActiveCfg = Debug|x64
		{73BAF5A5-780C-4C35-AF74-BE1239162AE8}.Debug|x64.Build.0 = Debug|x64
		{73BAF5A5-780C-4C35-AF74-BE1239162AE8}.Debug|x86.ActiveCfg = Debug|Win32
		{73BAF5A5-780C-4C35-AF74-BE1239162AE8}.Debug|x86.Build.0 = Debug|Win32
		{73BAF5A5-780C-4C35-AF74-BE1239162AE8}.Release|x64.ActiveCfg = Release|x64
		{73BAF5A5-780C-4C35-AF74-BE1239162AE8}.Release|x64.Build.0 = Release|x64
		{73BAF5A5-780C-4C35-AF74-BE1239162AE8}.Release|x86.ActiveCfg = Release|Win32
		{73BAF5A5-780C-4C35-AF74-BE1239162AE8}.Release|x86.Build.0 = Release|Win32
		{67C13112-CE4A-4373-AA92-2975F7EE8BA7}.Debug|x64.ActiveCfg = Debug|x64
		{67C13112-CE4A-4373-AA92-2975F7EE8BA7}.Debug|x64.Build.0 = Debug|x64
		{67C13112-CE4A-4373-AA92-2975F7EE8BA7}.Debug|x86.ActiveCfg = Debug|Win32
		{67C13112-CE4A-4373-AA92-2975F7EE8BA7}.Debug|x86.Build.0 = Debug|Win32
		{67C13112-CE4A-4373-AA92-2975F7EE8BA7}.Release|x64.ActiveCfg = Release|x64
		{67C13112-CE4A-4373-AA92-2975F7EE8BA7}.Release|x64.Build.0 = Release|x64
		{67C13112-CE4A-4373-AA92-2975F7EE8BA7}.Release|x86.ActiveCfg = Release|Win32
		{67C13112-CE4A-4373-AA92-2975F7EE8BA7}.Release|x86.Build.0 = Release|Win32
	EndGlobalSection
	GlobalSection(SolutionProperties) = preSolution
		HideSolutionNode = FALSE
	EndGlobalSection
	GlobalSection(ExtensibilityGlobals) = postSolution
		SolutionGuid = {1100282A-2B1F-4269-B799-964650029B9B}
	EndGlobalSection
EndGlobal
