
Microsoft Visual Studio Solution File, Format Version 12.00
# Visual Studio Version 16
VisualStudioVersion = 16.0.30611.23
MinimumVisualStudioVersion = 10.0.40219.1
Project("{8BC9CEB8-8B4A-11D0-8D11-00A0C91BC942}") = "$safeprojectname$", "TemplateProj.vcxproj", "{B55656EA-2938-4A5F-BE3C-5686DF3C97BA}"
EndProject
Project("{8BC9CEB8-8B4A-11D0-8D11-00A0C91BC942}") = "TestFramework", "..\TestFramework\GoogleMock\TestFramework.vcxitems", "{AAC85E24-C2BD-4A83-9DD9-48C57441C065}"
EndProject
Project("{8BC9CEB8-8B4A-11D0-8D11-00A0C91BC942}") = "$safeprojectname$_UnitTests", "..\$safeprojectname$_UnitTests\$safeprojectname$_UnitTests.vcxproj", "{394A0AE8-4A1A-4B2A-9504-AE780C68A88F}"
EndProject
Global
	GlobalSection(SharedMSBuildProjectFiles) = preSolution
		..\TestFramework\GoogleMock\TestFramework.vcxitems*{394a0ae8-4a1a-4b2a-9504-ae780c68a88f}*SharedItemsImports = 4
		..\TestFramework\GoogleMock\TestFramework.vcxitems*{aac85e24-c2bd-4a83-9dd9-48c57441c065}*SharedItemsImports = 9
	EndGlobalSection
	GlobalSection(SolutionConfigurationPlatforms) = preSolution
		Debug|x64 = Debug|x64
		Debug|x86 = Debug|x86
		Release|x64 = Release|x64
		Release|x86 = Release|x86
	EndGlobalSection
	GlobalSection(ProjectConfigurationPlatforms) = postSolution
		{B55656EA-2938-4A5F-BE3C-5686DF3C97BA}.Debug|x64.ActiveCfg = Debug|x64
		{B55656EA-2938-4A5F-BE3C-5686DF3C97BA}.Debug|x64.Build.0 = Debug|x64
		{B55656EA-2938-4A5F-BE3C-5686DF3C97BA}.Debug|x86.ActiveCfg = Debug|Win32
		{B55656EA-2938-4A5F-BE3C-5686DF3C97BA}.Debug|x86.Build.0 = Debug|Win32
		{B55656EA-2938-4A5F-BE3C-5686DF3C97BA}.Release|x64.ActiveCfg = Release|x64
		{B55656EA-2938-4A5F-BE3C-5686DF3C97BA}.Release|x64.Build.0 = Release|x64
		{B55656EA-2938-4A5F-BE3C-5686DF3C97BA}.Release|x86.ActiveCfg = Release|Win32
		{B55656EA-2938-4A5F-BE3C-5686DF3C97BA}.Release|x86.Build.0 = Release|Win32
		{394A0AE8-4A1A-4B2A-9504-AE780C68A88F}.Debug|x64.ActiveCfg = Debug|x64
		{394A0AE8-4A1A-4B2A-9504-AE780C68A88F}.Debug|x64.Build.0 = Debug|x64
		{394A0AE8-4A1A-4B2A-9504-AE780C68A88F}.Debug|x86.ActiveCfg = Debug|Win32
		{394A0AE8-4A1A-4B2A-9504-AE780C68A88F}.Debug|x86.Build.0 = Debug|Win32
		{394A0AE8-4A1A-4B2A-9504-AE780C68A88F}.Release|x64.ActiveCfg = Release|x64
		{394A0AE8-4A1A-4B2A-9504-AE780C68A88F}.Release|x64.Build.0 = Release|x64
		{394A0AE8-4A1A-4B2A-9504-AE780C68A88F}.Release|x86.ActiveCfg = Release|Win32
		{394A0AE8-4A1A-4B2A-9504-AE780C68A88F}.Release|x86.Build.0 = Release|Win32
	EndGlobalSection
	GlobalSection(SolutionProperties) = preSolution
		HideSolutionNode = FALSE
	EndGlobalSection
	GlobalSection(ExtensibilityGlobals) = postSolution
		SolutionGuid = {E4DF7657-DAB1-4638-B35B-491F63D359B2}
	EndGlobalSection
EndGlobal
