<?xml version="1.0" encoding="utf-8"?>
<Project ToolsVersion="4.0" xmlns="http://schemas.microsoft.com/developer/msbuild/2003">
  <ItemGroup>
    <ClInclude Include="plugins\add_fileformat.h">
      <Filter>Cimg</Filter>
    </ClInclude>
    <ClInclude Include="plugins\bayer.h">
      <Filter>Cimg</Filter>
    </ClInclude>
    <ClInclude Include="plugins\chlpca.h">
      <Filter>Cimg</Filter>
    </ClInclude>
    <ClInclude Include="CImg.h">
      <Filter>Cimg</Filter>
    </ClInclude>
    <ClInclude Include="plugins\cvMat.h">
      <Filter>Cimg</Filter>
    </ClInclude>
    <ClInclude Include="plugins\draw_gradient.h">
      <Filter>Cimg</Filter>
    </ClInclude>
    <ClInclude Include="plugins\inpaint.h">
      <Filter>Cimg</Filter>
    </ClInclude>
    <ClInclude Include="plugins\ipl.h">
      <Filter>Cimg</Filter>
    </ClInclude>
    <ClInclude Include="plugins\ipl_alt.h">
      <Filter>Cimg</Filter>
    </ClInclude>
    <ClInclude Include="plugins\jpeg_buffer.h">
      <Filter>Cimg</Filter>
    </ClInclude>
    <ClInclude Include="plugins\loop_macros.h">
      <Filter>Cimg</Filter>
    </ClInclude>
    <ClInclude Include="plugins\matlab.h">
      <Filter>Cimg</Filter>
    </ClInclude>
    <ClInclude Include="plugins\nlmeans.h">
      <Filter>Cimg</Filter>
    </ClInclude>
    <ClInclude Include="plugins\skeleton.h">
      <Filter>Cimg</Filter>
    </ClInclude>
    <ClInclude Include="plugins\tiff_stream.h">
      <Filter>Cimg</Filter>
    </ClInclude>
    <ClInclude Include="plugins\tinymatwriter.h">
      <Filter>Cimg</Filter>
    </ClInclude>
    <ClInclude Include="plugins\vrml.h">
      <Filter>Cimg</Filter>
    </ClInclude>
    <ClInclude Include="plugins\vtk.h">
      <Filter>Cimg</Filter>
    </ClInclude>
    <ClInclude Include="ImageGenerator.h" />
  </ItemGroup>
  <ItemGroup>
    <Filter Include="Cimg">
      <UniqueIdentifier>{d5162dc8-cb1a-41da-84b7-2de023bc4f19}</UniqueIdentifier>
    </Filter>
  </ItemGroup>
  <ItemGroup>
    <ClCompile Include="main.cpp" />
    <ClCompile Include="ImageGenerator.cpp" />
  </ItemGroup>
</Project>