
Microsoft Visual Studio Solution File, Format Version 12.00
# Visual Studio Version 16
VisualStudioVersion = 16.0.30621.155
MinimumVisualStudioVersion = 10.0.40219.1
Project("{8BC9CEB8-8B4A-11D0-8D11-00A0C91BC942}") = "TestClient", "..\TestClient\TestClient.vcxproj", "{CB97A7A1-19CA-4437-ADC5-3CF518F3D8CF}"
EndProject
Project("{8BC9CEB8-8B4A-11D0-8D11-00A0C91BC942}") = "ToolBox", "..\ToolBox\ToolBox.vcxitems", "{566F2816-D3A9-43A3-8807-29A7D1B3AFF1}"
EndProject
Global
	GlobalSection(SharedMSBuildProjectFiles) = preSolution
		..\ToolBox\ToolBox.vcxitems*{566f2816-d3a9-43a3-8807-29a7d1b3aff1}*SharedItemsImports = 9
		..\ToolBox\ToolBox.vcxitems*{cb97a7a1-19ca-4437-adc5-3cf518f3d8cf}*SharedItemsImports = 4
	EndGlobalSection
	GlobalSection(SolutionConfigurationPlatforms) = preSolution
		Debug|x64 = Debug|x64
		Debug|x86 = Debug|x86
		Release|x64 = Release|x64
		Release|x86 = Release|x86
	EndGlobalSection
	GlobalSection(ProjectConfigurationPlatforms) = postSolution
		{CB97A7A1-19CA-4437-ADC5-3CF518F3D8CF}.Debug|x64.ActiveCfg = Debug|x64
		{CB97A7A1-19CA-4437-ADC5-3CF518F3D8CF}.Debug|x64.Build.0 = Debug|x64
		{CB97A7A1-19CA-4437-ADC5-3CF518F3D8CF}.Debug|x86.ActiveCfg = Debug|Win32
		{CB97A7A1-19CA-4437-ADC5-3CF518F3D8CF}.Debug|x86.Build.0 = Debug|Win32
		{CB97A7A1-19CA-4437-ADC5-3CF518F3D8CF}.Release|x64.ActiveCfg = Release|x64
		{CB97A7A1-19CA-4437-ADC5-3CF518F3D8CF}.Release|x64.Build.0 = Release|x64
		{CB97A7A1-19CA-4437-ADC5-3CF518F3D8CF}.Release|x86.ActiveCfg = Release|Win32
		{CB97A7A1-19CA-4437-ADC5-3CF518F3D8CF}.Release|x86.Build.0 = Release|Win32
	EndGlobalSection
	GlobalSection(SolutionProperties) = preSolution
		HideSolutionNode = FALSE
	EndGlobalSection
	GlobalSection(ExtensibilityGlobals) = postSolution
		SolutionGuid = {7B402374-0351-4C87-B8BF-D8CB6406C7A8}
	EndGlobalSection
EndGlobal
