
Microsoft Visual Studio Solution File, Format Version 12.00
# Visual Studio Version 16
VisualStudioVersion = 16.0.30621.155
MinimumVisualStudioVersion = 10.0.40219.1
Project("{8BC9CEB8-8B4A-11D0-8D11-00A0C91BC942}") = "ToolBoxDLL", "ToolBoxDLL.vcxproj", "{F5F0222D-5853-4AC5-BE5F-D79369BE38B7}"
EndProject
Project("{8BC9CEB8-8B4A-11D0-8D11-00A0C91BC942}") = "TestClient", "..\TestClient\TestClient.vcxproj", "{CB97A7A1-19CA-4437-ADC5-3CF518F3D8CF}"
EndProject
Global
	GlobalSection(SolutionConfigurationPlatforms) = preSolution
		Debug|x64 = Debug|x64
		Debug|x86 = Debug|x86
		Release|x64 = Release|x64
		Release|x86 = Release|x86
	EndGlobalSection
	GlobalSection(ProjectConfigurationPlatforms) = postSolution
		{F5F0222D-5853-4AC5-BE5F-D79369BE38B7}.Debug|x64.ActiveCfg = Debug|x64
		{F5F0222D-5853-4AC5-BE5F-D79369BE38B7}.Debug|x64.Build.0 = Debug|x64
		{F5F0222D-5853-4AC5-BE5F-D79369BE38B7}.Debug|x86.ActiveCfg = Debug|Win32
		{F5F0222D-5853-4AC5-BE5F-D79369BE38B7}.Debug|x86.Build.0 = Debug|Win32
		{F5F0222D-5853-4AC5-BE5F-D79369BE38B7}.Release|x64.ActiveCfg = Release|x64
		{F5F0222D-5853-4AC5-BE5F-D79369BE38B7}.Release|x64.Build.0 = Release|x64
		{F5F0222D-5853-4AC5-BE5F-D79369BE38B7}.Release|x86.ActiveCfg = Release|Win32
		{F5F0222D-5853-4AC5-BE5F-D79369BE38B7}.Release|x86.Build.0 = Release|Win32
		{CB97A7A1-19CA-4437-ADC5-3CF518F3D8CF}.Debug|x64.ActiveCfg = Debug|x64
		{CB97A7A1-19CA-4437-ADC5-3CF518F3D8CF}.Debug|x64.Build.0 = Debug|x64
		{CB97A7A1-19CA-4437-ADC5-3CF518F3D8CF}.Debug|x86.ActiveCfg = Debug|Win32
		{CB97A7A1-19CA-4437-ADC5-3CF518F3D8CF}.Debug|x86.Build.0 = Debug|Win32
		{CB97A7A1-19CA-4437-ADC5-3CF518F3D8CF}.Release|x64.ActiveCfg = Release|x64
		{CB97A7A1-19CA-4437-ADC5-3CF518F3D8CF}.Release|x64.Build.0 = Release|x64
		{CB97A7A1-19CA-4437-ADC5-3CF518F3D8CF}.Release|x86.ActiveCfg = Release|Win32
		{CB97A7A1-19CA-4437-ADC5-3CF518F3D8CF}.Release|x86.Build.0 = Release|Win32
	EndGlobalSection
	GlobalSection(SolutionProperties) = preSolution
		HideSolutionNode = FALSE
	EndGlobalSection
	GlobalSection(ExtensibilityGlobals) = postSolution
		SolutionGuid = {7B402374-0351-4C87-B8BF-D8CB6406C7A8}
	EndGlobalSection
EndGlobal
